
Microsoft Visual Studio Solution File, Format Version 12.00
# Visual Studio Version 17
VisualStudioVersion = 17.5.002.0
MinimumVisualStudioVersion = 10.0.40219.1
Project("{9A19103F-16F7-4668-BE54-9A1E7A4F7556}") = "CSharp-Learn", "CSharp-Learn.csproj", "{45DDE992-7F6B-4CF9-A672-89C472308907}"
EndProject
Global
	GlobalSection(SolutionConfigurationPlatforms) = preSolution
		Debug|Any CPU = Debug|Any CPU
		Release|Any CPU = Release|Any CPU
	EndGlobalSection
	GlobalSection(ProjectConfigurationPlatforms) = postSolution
		{45DDE992-7F6B-4CF9-A672-89C472308907}.Debug|Any CPU.ActiveCfg = Debug|Any CPU
		{45DDE992-7F6B-4CF9-A672-89C472308907}.Debug|Any CPU.Build.0 = Debug|Any CPU
		{45DDE992-7F6B-4CF9-A672-89C472308907}.Release|Any CPU.ActiveCfg = Release|Any CPU
		{45DDE992-7F6B-4CF9-A672-89C472308907}.Release|Any CPU.Build.0 = Release|Any CPU
	EndGlobalSection
	GlobalSection(SolutionProperties) = preSolution
		HideSolutionNode = FALSE
	EndGlobalSection
	GlobalSection(ExtensibilityGlobals) = postSolution
		SolutionGuid = {3E1F4DCF-8E6D-465D-A8A0-3E8200F37924}
	EndGlobalSection
EndGlobal
